
Microsoft Visual Studio Solution File, Format Version 12.00
# Visual Studio Version 16
VisualStudioVersion = 16.0.32929.386
MinimumVisualStudioVersion = 10.0.40219.1
Project("{FAE04EC0-301F-11D3-BF4B-00C04F79EFBC}") = "ALL", "ALL\ALL.csproj", "{7FD8FEE5-7B95-4401-AB02-AD98544CD6D8}"
EndProject
Project("{FAE04EC0-301F-11D3-BF4B-00C04F79EFBC}") = "BAL", "BAL\BAL.csproj", "{5F299E7D-B8AB-4FBE-8B31-65929E74EC2B}"
EndProject
Project("{FAE04EC0-301F-11D3-BF4B-00C04F79EFBC}") = "DAL", "DAL\DAL.csproj", "{84AA3DC3-98BB-4F6C-8AA5-9ADE9F72F367}"
EndProject
Global
	GlobalSection(SolutionConfigurationPlatforms) = preSolution
		Debug|Any CPU = Debug|Any CPU
		Release|Any CPU = Release|Any CPU
	EndGlobalSection
	GlobalSection(ProjectConfigurationPlatforms) = postSolution
		{7FD8FEE5-7B95-4401-AB02-AD98544CD6D8}.Debug|Any CPU.ActiveCfg = Debug|Any CPU
		{7FD8FEE5-7B95-4401-AB02-AD98544CD6D8}.Debug|Any CPU.Build.0 = Debug|Any CPU
		{7FD8FEE5-7B95-4401-AB02-AD98544CD6D8}.Release|Any CPU.ActiveCfg = Release|Any CPU
		{7FD8FEE5-7B95-4401-AB02-AD98544CD6D8}.Release|Any CPU.Build.0 = Release|Any CPU
		{5F299E7D-B8AB-4FBE-8B31-65929E74EC2B}.Debug|Any CPU.ActiveCfg = Debug|Any CPU
		{5F299E7D-B8AB-4FBE-8B31-65929E74EC2B}.Debug|Any CPU.Build.0 = Debug|Any CPU
		{5F299E7D-B8AB-4FBE-8B31-65929E74EC2B}.Release|Any CPU.ActiveCfg = Release|Any CPU
		{5F299E7D-B8AB-4FBE-8B31-65929E74EC2B}.Release|Any CPU.Build.0 = Release|Any CPU
		{84AA3DC3-98BB-4F6C-8AA5-9ADE9F72F367}.Debug|Any CPU.ActiveCfg = Debug|Any CPU
		{84AA3DC3-98BB-4F6C-8AA5-9ADE9F72F367}.Debug|Any CPU.Build.0 = Debug|Any CPU
		{84AA3DC3-98BB-4F6C-8AA5-9ADE9F72F367}.Release|Any CPU.ActiveCfg = Release|Any CPU
		{84AA3DC3-98BB-4F6C-8AA5-9ADE9F72F367}.Release|Any CPU.Build.0 = Release|Any CPU
	EndGlobalSection
	GlobalSection(SolutionProperties) = preSolution
		HideSolutionNode = FALSE
	EndGlobalSection
	GlobalSection(ExtensibilityGlobals) = postSolution
		SolutionGuid = {C1826E96-B4E6-4F57-847C-17D2F88BA7C2}
	EndGlobalSection
EndGlobal
